
Microsoft Visual Studio Solution File, Format Version 12.00
# Visual Studio Version 16
VisualStudioVersion = 16.0.30621.155
MinimumVisualStudioVersion = 10.0.40219.1
Project("{FAE04EC0-301F-11D3-BF4B-00C04F79EFBC}") = "WebCoreMVC31", "WebCoreMVC31\WebCoreMVC31.csproj", "{07F7E666-6B4D-47B3-863B-C426A54099BE}"
EndProject
Project("{FAE04EC0-301F-11D3-BF4B-00C04F79EFBC}") = "Web31DataAccess", "Web31DataAccess\Web31DataAccess.csproj", "{DA5D0A06-B188-4EB9-9760-5B959A535809}"
EndProject
Global
	GlobalSection(SolutionConfigurationPlatforms) = preSolution
		Debug|Any CPU = Debug|Any CPU
		Release|Any CPU = Release|Any CPU
	EndGlobalSection
	GlobalSection(ProjectConfigurationPlatforms) = postSolution
		{07F7E666-6B4D-47B3-863B-C426A54099BE}.Debug|Any CPU.ActiveCfg = Debug|Any CPU
		{07F7E666-6B4D-47B3-863B-C426A54099BE}.Debug|Any CPU.Build.0 = Debug|Any CPU
		{07F7E666-6B4D-47B3-863B-C426A54099BE}.Release|Any CPU.ActiveCfg = Release|Any CPU
		{07F7E666-6B4D-47B3-863B-C426A54099BE}.Release|Any CPU.Build.0 = Release|Any CPU
		{DA5D0A06-B188-4EB9-9760-5B959A535809}.Debug|Any CPU.ActiveCfg = Debug|Any CPU
		{DA5D0A06-B188-4EB9-9760-5B959A535809}.Debug|Any CPU.Build.0 = Debug|Any CPU
		{DA5D0A06-B188-4EB9-9760-5B959A535809}.Release|Any CPU.ActiveCfg = Release|Any CPU
		{DA5D0A06-B188-4EB9-9760-5B959A535809}.Release|Any CPU.Build.0 = Release|Any CPU
	EndGlobalSection
	GlobalSection(SolutionProperties) = preSolution
		HideSolutionNode = FALSE
	EndGlobalSection
	GlobalSection(ExtensibilityGlobals) = postSolution
		SolutionGuid = {8AC96A0E-A777-4FC8-A210-35261A43AAD7}
	EndGlobalSection
EndGlobal
